
Microsoft Visual Studio Solution File, Format Version 12.00
# Visual Studio Version 17
VisualStudioVersion = 17.3.32901.215
MinimumVisualStudioVersion = 10.0.40219.1
Project("{FAE04EC0-301F-11D3-BF4B-00C04F79EFBC}") = "Exercicio03_3_(b)", "Exercicio03_3_(b)\Exercicio03_3_(b).csproj", "{1387AE9B-CF9C-4E47-8D6F-CB916EDDA49C}"
EndProject
Global
	GlobalSection(SolutionConfigurationPlatforms) = preSolution
		Debug|Any CPU = Debug|Any CPU
		Release|Any CPU = Release|Any CPU
	EndGlobalSection
	GlobalSection(ProjectConfigurationPlatforms) = postSolution
		{1387AE9B-CF9C-4E47-8D6F-CB916EDDA49C}.Debug|Any CPU.ActiveCfg = Debug|Any CPU
		{1387AE9B-CF9C-4E47-8D6F-CB916EDDA49C}.Debug|Any CPU.Build.0 = Debug|Any CPU
		{1387AE9B-CF9C-4E47-8D6F-CB916EDDA49C}.Release|Any CPU.ActiveCfg = Release|Any CPU
		{1387AE9B-CF9C-4E47-8D6F-CB916EDDA49C}.Release|Any CPU.Build.0 = Release|Any CPU
	EndGlobalSection
	GlobalSection(SolutionProperties) = preSolution
		HideSolutionNode = FALSE
	EndGlobalSection
	GlobalSection(ExtensibilityGlobals) = postSolution
		SolutionGuid = {43F352F7-073C-4C07-A630-ACB187891C4C}
	EndGlobalSection
EndGlobal
