
Microsoft Visual Studio Solution File, Format Version 12.00
# Visual Studio Version 17
VisualStudioVersion = 17.3.32901.215
MinimumVisualStudioVersion = 10.0.40219.1
Project("{FAE04EC0-301F-11D3-BF4B-00C04F79EFBC}") = "Exercicio04_1", "Exercicio04_1\Exercicio04_1.csproj", "{3F24BF7A-B6A4-4308-B5A8-8529C2E5640F}"
EndProject
Global
	GlobalSection(SolutionConfigurationPlatforms) = preSolution
		Debug|Any CPU = Debug|Any CPU
		Release|Any CPU = Release|Any CPU
	EndGlobalSection
	GlobalSection(ProjectConfigurationPlatforms) = postSolution
		{3F24BF7A-B6A4-4308-B5A8-8529C2E5640F}.Debug|Any CPU.ActiveCfg = Debug|Any CPU
		{3F24BF7A-B6A4-4308-B5A8-8529C2E5640F}.Debug|Any CPU.Build.0 = Debug|Any CPU
		{3F24BF7A-B6A4-4308-B5A8-8529C2E5640F}.Release|Any CPU.ActiveCfg = Release|Any CPU
		{3F24BF7A-B6A4-4308-B5A8-8529C2E5640F}.Release|Any CPU.Build.0 = Release|Any CPU
	EndGlobalSection
	GlobalSection(SolutionProperties) = preSolution
		HideSolutionNode = FALSE
	EndGlobalSection
	GlobalSection(ExtensibilityGlobals) = postSolution
		SolutionGuid = {24675355-95CA-4ECE-99AE-24F2A9956943}
	EndGlobalSection
EndGlobal
