
Microsoft Visual Studio Solution File, Format Version 12.00
# Visual Studio Version 17
VisualStudioVersion = 17.3.32901.215
MinimumVisualStudioVersion = 10.0.40219.1
Project("{FAE04EC0-301F-11D3-BF4B-00C04F79EFBC}") = "Exercicio02_2", "Exercicio02_2\Exercicio02_2.csproj", "{DF2FB1EF-2811-4B72-BF54-B4A99CF61DBB}"
EndProject
Global
	GlobalSection(SolutionConfigurationPlatforms) = preSolution
		Debug|Any CPU = Debug|Any CPU
		Release|Any CPU = Release|Any CPU
	EndGlobalSection
	GlobalSection(ProjectConfigurationPlatforms) = postSolution
		{DF2FB1EF-2811-4B72-BF54-B4A99CF61DBB}.Debug|Any CPU.ActiveCfg = Debug|Any CPU
		{DF2FB1EF-2811-4B72-BF54-B4A99CF61DBB}.Debug|Any CPU.Build.0 = Debug|Any CPU
		{DF2FB1EF-2811-4B72-BF54-B4A99CF61DBB}.Release|Any CPU.ActiveCfg = Release|Any CPU
		{DF2FB1EF-2811-4B72-BF54-B4A99CF61DBB}.Release|Any CPU.Build.0 = Release|Any CPU
	EndGlobalSection
	GlobalSection(SolutionProperties) = preSolution
		HideSolutionNode = FALSE
	EndGlobalSection
	GlobalSection(ExtensibilityGlobals) = postSolution
		SolutionGuid = {D7F37537-022B-4BBE-898D-056EBB37C696}
	EndGlobalSection
EndGlobal
