
Microsoft Visual Studio Solution File, Format Version 12.00
# Visual Studio Version 17
VisualStudioVersion = 17.3.32901.215
MinimumVisualStudioVersion = 10.0.40219.1
Project("{FAE04EC0-301F-11D3-BF4B-00C04F79EFBC}") = "Exercicio03_3_(e)", "Exercicio03_3_(e)\Exercicio03_3_(e).csproj", "{7F2518C3-17FF-47C9-A3B3-D41E92A21A30}"
EndProject
Global
	GlobalSection(SolutionConfigurationPlatforms) = preSolution
		Debug|Any CPU = Debug|Any CPU
		Release|Any CPU = Release|Any CPU
	EndGlobalSection
	GlobalSection(ProjectConfigurationPlatforms) = postSolution
		{7F2518C3-17FF-47C9-A3B3-D41E92A21A30}.Debug|Any CPU.ActiveCfg = Debug|Any CPU
		{7F2518C3-17FF-47C9-A3B3-D41E92A21A30}.Debug|Any CPU.Build.0 = Debug|Any CPU
		{7F2518C3-17FF-47C9-A3B3-D41E92A21A30}.Release|Any CPU.ActiveCfg = Release|Any CPU
		{7F2518C3-17FF-47C9-A3B3-D41E92A21A30}.Release|Any CPU.Build.0 = Release|Any CPU
	EndGlobalSection
	GlobalSection(SolutionProperties) = preSolution
		HideSolutionNode = FALSE
	EndGlobalSection
	GlobalSection(ExtensibilityGlobals) = postSolution
		SolutionGuid = {46B99F0E-CA02-4D98-89F8-A4DE9A7FF031}
	EndGlobalSection
EndGlobal
